// !$*UTF8*$!
{
	archiveVersion = 1;
	classes = {
	};
	objectVersion = 46;
	objects = {

/* Begin PBXBuildFile section */
		1D8E6B058AA9E76AD01C1ABA /* Pods_MyCty.framework in Frameworks */ = {isa = PBXBuildFile; fileRef = A7B5BF96DC3E69C16C4A726E /* Pods_MyCty.framework */; };
		741C90011E7A213400E0EC3D /* OpeningPageVC.swift in Sources */ = {isa = PBXBuildFile; fileRef = 741C90001E7A213400E0EC3D /* OpeningPageVC.swift */; };
		741C901A1E7A553600E0EC3D /* IQNSArray+Sort.swift in Sources */ = {isa = PBXBuildFile; fileRef = 741C90041E7A553600E0EC3D /* IQNSArray+Sort.swift */; };
		741C901B1E7A553600E0EC3D /* IQUIScrollView+Additions.swift in Sources */ = {isa = PBXBuildFile; fileRef = 741C90051E7A553600E0EC3D /* IQUIScrollView+Additions.swift */; };
		741C901C1E7A553600E0EC3D /* IQUITextFieldView+Additions.swift in Sources */ = {isa = PBXBuildFile; fileRef = 741C90061E7A553600E0EC3D /* IQUITextFieldView+Additions.swift */; };
		741C901D1E7A553600E0EC3D /* IQUIView+Hierarchy.swift in Sources */ = {isa = PBXBuildFile; fileRef = 741C90071E7A553600E0EC3D /* IQUIView+Hierarchy.swift */; };
		741C901E1E7A553600E0EC3D /* IQUIViewController+Additions.swift in Sources */ = {isa = PBXBuildFile; fileRef = 741C90081E7A553600E0EC3D /* IQUIViewController+Additions.swift */; };
		741C901F1E7A553600E0EC3D /* IQUIWindow+Hierarchy.swift in Sources */ = {isa = PBXBuildFile; fileRef = 741C90091E7A553600E0EC3D /* IQUIWindow+Hierarchy.swift */; };
		741C90201E7A553600E0EC3D /* IQKeyboardManagerConstants.swift in Sources */ = {isa = PBXBuildFile; fileRef = 741C900B1E7A553600E0EC3D /* IQKeyboardManagerConstants.swift */; };
		741C90211E7A553600E0EC3D /* IQKeyboardManagerConstantsInternal.swift in Sources */ = {isa = PBXBuildFile; fileRef = 741C900C1E7A553600E0EC3D /* IQKeyboardManagerConstantsInternal.swift */; };
		741C90221E7A553600E0EC3D /* IQKeyboardManager.swift in Sources */ = {isa = PBXBuildFile; fileRef = 741C900D1E7A553600E0EC3D /* IQKeyboardManager.swift */; };
		741C90231E7A553600E0EC3D /* IQKeyboardReturnKeyHandler.swift in Sources */ = {isa = PBXBuildFile; fileRef = 741C900F1E7A553600E0EC3D /* IQKeyboardReturnKeyHandler.swift */; };
		741C90241E7A553600E0EC3D /* IQTextView.swift in Sources */ = {isa = PBXBuildFile; fileRef = 741C90111E7A553600E0EC3D /* IQTextView.swift */; };
		741C90251E7A553600E0EC3D /* IQBarButtonItem.swift in Sources */ = {isa = PBXBuildFile; fileRef = 741C90131E7A553600E0EC3D /* IQBarButtonItem.swift */; };
		741C90261E7A553600E0EC3D /* IQPreviousNextView.swift in Sources */ = {isa = PBXBuildFile; fileRef = 741C90141E7A553600E0EC3D /* IQPreviousNextView.swift */; };
		741C90271E7A553600E0EC3D /* IQTitleBarButtonItem.swift in Sources */ = {isa = PBXBuildFile; fileRef = 741C90151E7A553600E0EC3D /* IQTitleBarButtonItem.swift */; };
		741C90281E7A553600E0EC3D /* IQToolbar.swift in Sources */ = {isa = PBXBuildFile; fileRef = 741C90161E7A553600E0EC3D /* IQToolbar.swift */; };
		741C90291E7A553600E0EC3D /* IQUIView+IQKeyboardToolbar.swift in Sources */ = {isa = PBXBuildFile; fileRef = 741C90171E7A553600E0EC3D /* IQUIView+IQKeyboardToolbar.swift */; };
		741C902A1E7A553600E0EC3D /* IQKeyboardManager.bundle in Resources */ = {isa = PBXBuildFile; fileRef = 741C90191E7A553600E0EC3D /* IQKeyboardManager.bundle */; };
		741C902D1E7B10C400E0EC3D /* SpriteKit.framework in Frameworks */ = {isa = PBXBuildFile; fileRef = 741C902C1E7B10C400E0EC3D /* SpriteKit.framework */; };
		741C90311E7B2EB600E0EC3D /* Cloud.atlas in Resources */ = {isa = PBXBuildFile; fileRef = 741C90301E7B2EB600E0EC3D /* Cloud.atlas */; };
		741C90351E7BA17400E0EC3D /* cloudScene.swift in Sources */ = {isa = PBXBuildFile; fileRef = 741C90341E7BA17400E0EC3D /* cloudScene.swift */; };
		741C90371E7C0BF100E0EC3D /* carScene.swift in Sources */ = {isa = PBXBuildFile; fileRef = 741C90361E7C0BF100E0EC3D /* carScene.swift */; };
		741C903B1E7C116C00E0EC3D /* BlueCar.atlas in Resources */ = {isa = PBXBuildFile; fileRef = 741C903A1E7C116C00E0EC3D /* BlueCar.atlas */; };
		742C5C521E7904DC00553161 /* Onboarding.storyboard in Resources */ = {isa = PBXBuildFile; fileRef = 742C5C511E7904DC00553161 /* Onboarding.storyboard */; };
		742C5C541E79EEE800553161 /* OnBoardingVC.swift in Sources */ = {isa = PBXBuildFile; fileRef = 742C5C531E79EEE800553161 /* OnBoardingVC.swift */; };
		742C5C561E7A087800553161 /* finalOnboardingVC.swift in Sources */ = {isa = PBXBuildFile; fileRef = 742C5C551E7A087800553161 /* finalOnboardingVC.swift */; };
		7489B3E01E7C196D00DFAFC9 /* RedCar.atlas in Resources */ = {isa = PBXBuildFile; fileRef = 7489B3DF1E7C196D00DFAFC9 /* RedCar.atlas */; };
		7489B3E21E7C19F000DFAFC9 /* GreenCar.atlas in Resources */ = {isa = PBXBuildFile; fileRef = 7489B3E11E7C19F000DFAFC9 /* GreenCar.atlas */; };
		7489B3E81E7CB3A900DFAFC9 /* greenCarScene.swift in Sources */ = {isa = PBXBuildFile; fileRef = 7489B3E71E7CB3A900DFAFC9 /* greenCarScene.swift */; };
		7489B3EA1E7CB3B000DFAFC9 /* redCarScene.swift in Sources */ = {isa = PBXBuildFile; fileRef = 7489B3E91E7CB3B000DFAFC9 /* redCarScene.swift */; };
		748E31561E74F21C00911071 /* GoogleService-Info.plist in Resources */ = {isa = PBXBuildFile; fileRef = 748E31551E74F21C00911071 /* GoogleService-Info.plist */; };
		748E315C1E750B5500911071 /* HomePageController.swift in Sources */ = {isa = PBXBuildFile; fileRef = 748E315B1E750B5500911071 /* HomePageController.swift */; };
		748E315E1E7642BA00911071 /* forgotPasswordController.swift in Sources */ = {isa = PBXBuildFile; fileRef = 748E315D1E7642BA00911071 /* forgotPasswordController.swift */; };
		748E31601E764E8200911071 /* termsViewController.swift in Sources */ = {isa = PBXBuildFile; fileRef = 748E315F1E764E8200911071 /* termsViewController.swift */; };
		74F1A8201E74EE3E00EA0188 /* AppDelegate.swift in Sources */ = {isa = PBXBuildFile; fileRef = 74F1A81F1E74EE3E00EA0188 /* AppDelegate.swift */; };
		74F1A8271E74EE3E00EA0188 /* Assets.xcassets in Resources */ = {isa = PBXBuildFile; fileRef = 74F1A8261E74EE3E00EA0188 /* Assets.xcassets */; };
		74F1A82A1E74EE3E00EA0188 /* LaunchScreen.storyboard in Resources */ = {isa = PBXBuildFile; fileRef = 74F1A8281E74EE3E00EA0188 /* LaunchScreen.storyboard */; };
		74F1A8341E74EFB800EA0188 /* Main.storyboard in Resources */ = {isa = PBXBuildFile; fileRef = 74F1A8331E74EFB800EA0188 /* Main.storyboard */; };
		74F1A8361E74EFDB00EA0188 /* ViewController.swift in Sources */ = {isa = PBXBuildFile; fileRef = 74F1A8351E74EFDB00EA0188 /* ViewController.swift */; };
		74F1A8381E74EFE300EA0188 /* LoginViewController.swift in Sources */ = {isa = PBXBuildFile; fileRef = 74F1A8371E74EFE300EA0188 /* LoginViewController.swift */; };
/* End PBXBuildFile section */

/* Begin PBXFileReference section */
		5CDD8FE7E90576C253045835 /* Pods-MyCty.debug.xcconfig */ = {isa = PBXFileReference; includeInIndex = 1; lastKnownFileType = text.xcconfig; name = "Pods-MyCty.debug.xcconfig"; path = "Pods/Target Support Files/Pods-MyCty/Pods-MyCty.debug.xcconfig"; sourceTree = "<group>"; };
		741C90001E7A213400E0EC3D /* OpeningPageVC.swift */ = {isa = PBXFileReference; fileEncoding = 4; lastKnownFileType = sourcecode.swift; path = OpeningPageVC.swift; sourceTree = "<group>"; };
		741C90041E7A553600E0EC3D /* IQNSArray+Sort.swift */ = {isa = PBXFileReference; fileEncoding = 4; lastKnownFileType = sourcecode.swift; path = "IQNSArray+Sort.swift"; sourceTree = "<group>"; };
		741C90051E7A553600E0EC3D /* IQUIScrollView+Additions.swift */ = {isa = PBXFileReference; fileEncoding = 4; lastKnownFileType = sourcecode.swift; path = "IQUIScrollView+Additions.swift"; sourceTree = "<group>"; };
		741C90061E7A553600E0EC3D /* IQUITextFieldView+Additions.swift */ = {isa = PBXFileReference; fileEncoding = 4; lastKnownFileType = sourcecode.swift; path = "IQUITextFieldView+Additions.swift"; sourceTree = "<group>"; };
		741C90071E7A553600E0EC3D /* IQUIView+Hierarchy.swift */ = {isa = PBXFileReference; fileEncoding = 4; lastKnownFileType = sourcecode.swift; path = "IQUIView+Hierarchy.swift"; sourceTree = "<group>"; };
		741C90081E7A553600E0EC3D /* IQUIViewController+Additions.swift */ = {isa = PBXFileReference; fileEncoding = 4; lastKnownFileType = sourcecode.swift; path = "IQUIViewController+Additions.swift"; sourceTree = "<group>"; };
		741C90091E7A553600E0EC3D /* IQUIWindow+Hierarchy.swift */ = {isa = PBXFileReference; fileEncoding = 4; lastKnownFileType = sourcecode.swift; path = "IQUIWindow+Hierarchy.swift"; sourceTree = "<group>"; };
		741C900B1E7A553600E0EC3D /* IQKeyboardManagerConstants.swift */ = {isa = PBXFileReference; fileEncoding = 4; lastKnownFileType = sourcecode.swift; path = IQKeyboardManagerConstants.swift; sourceTree = "<group>"; };
		741C900C1E7A553600E0EC3D /* IQKeyboardManagerConstantsInternal.swift */ = {isa = PBXFileReference; fileEncoding = 4; lastKnownFileType = sourcecode.swift; path = IQKeyboardManagerConstantsInternal.swift; sourceTree = "<group>"; };
		741C900D1E7A553600E0EC3D /* IQKeyboardManager.swift */ = {isa = PBXFileReference; fileEncoding = 4; lastKnownFileType = sourcecode.swift; path = IQKeyboardManager.swift; sourceTree = "<group>"; };
		741C900E1E7A553600E0EC3D /* IQKeyboardManagerSwift.h */ = {isa = PBXFileReference; fileEncoding = 4; lastKnownFileType = sourcecode.c.h; path = IQKeyboardManagerSwift.h; sourceTree = "<group>"; };
		741C900F1E7A553600E0EC3D /* IQKeyboardReturnKeyHandler.swift */ = {isa = PBXFileReference; fileEncoding = 4; lastKnownFileType = sourcecode.swift; path = IQKeyboardReturnKeyHandler.swift; sourceTree = "<group>"; };
		741C90111E7A553600E0EC3D /* IQTextView.swift */ = {isa = PBXFileReference; fileEncoding = 4; lastKnownFileType = sourcecode.swift; path = IQTextView.swift; sourceTree = "<group>"; };
		741C90131E7A553600E0EC3D /* IQBarButtonItem.swift */ = {isa = PBXFileReference; fileEncoding = 4; lastKnownFileType = sourcecode.swift; path = IQBarButtonItem.swift; sourceTree = "<group>"; };
		741C90141E7A553600E0EC3D /* IQPreviousNextView.swift */ = {isa = PBXFileReference; fileEncoding = 4; lastKnownFileType = sourcecode.swift; path = IQPreviousNextView.swift; sourceTree = "<group>"; };
		741C90151E7A553600E0EC3D /* IQTitleBarButtonItem.swift */ = {isa = PBXFileReference; fileEncoding = 4; lastKnownFileType = sourcecode.swift; path = IQTitleBarButtonItem.swift; sourceTree = "<group>"; };
		741C90161E7A553600E0EC3D /* IQToolbar.swift */ = {isa = PBXFileReference; fileEncoding = 4; lastKnownFileType = sourcecode.swift; path = IQToolbar.swift; sourceTree = "<group>"; };
		741C90171E7A553600E0EC3D /* IQUIView+IQKeyboardToolbar.swift */ = {isa = PBXFileReference; fileEncoding = 4; lastKnownFileType = sourcecode.swift; path = "IQUIView+IQKeyboardToolbar.swift"; sourceTree = "<group>"; };
		741C90191E7A553600E0EC3D /* IQKeyboardManager.bundle */ = {isa = PBXFileReference; lastKnownFileType = "wrapper.plug-in"; path = IQKeyboardManager.bundle; sourceTree = "<group>"; };
		741C902C1E7B10C400E0EC3D /* SpriteKit.framework */ = {isa = PBXFileReference; lastKnownFileType = wrapper.framework; name = SpriteKit.framework; path = System/Library/Frameworks/SpriteKit.framework; sourceTree = SDKROOT; };
		741C90301E7B2EB600E0EC3D /* Cloud.atlas */ = {isa = PBXFileReference; lastKnownFileType = folder.skatlas; path = Cloud.atlas; sourceTree = "<group>"; };
		741C90341E7BA17400E0EC3D /* cloudScene.swift */ = {isa = PBXFileReference; fileEncoding = 4; lastKnownFileType = sourcecode.swift; path = cloudScene.swift; sourceTree = "<group>"; };
		741C90361E7C0BF100E0EC3D /* carScene.swift */ = {isa = PBXFileReference; fileEncoding = 4; lastKnownFileType = sourcecode.swift; path = carScene.swift; sourceTree = "<group>"; };
		741C903A1E7C116C00E0EC3D /* BlueCar.atlas */ = {isa = PBXFileReference; lastKnownFileType = folder.skatlas; path = BlueCar.atlas; sourceTree = "<group>"; };
		742C5C511E7904DC00553161 /* Onboarding.storyboard */ = {isa = PBXFileReference; fileEncoding = 4; lastKnownFileType = file.storyboard; path = Onboarding.storyboard; sourceTree = "<group>"; };
		742C5C531E79EEE800553161 /* OnBoardingVC.swift */ = {isa = PBXFileReference; fileEncoding = 4; lastKnownFileType = sourcecode.swift; path = OnBoardingVC.swift; sourceTree = "<group>"; };
		742C5C551E7A087800553161 /* finalOnboardingVC.swift */ = {isa = PBXFileReference; fileEncoding = 4; lastKnownFileType = sourcecode.swift; path = finalOnboardingVC.swift; sourceTree = "<group>"; };
		7489B3DF1E7C196D00DFAFC9 /* RedCar.atlas */ = {isa = PBXFileReference; lastKnownFileType = folder.skatlas; path = RedCar.atlas; sourceTree = "<group>"; };
		7489B3E11E7C19F000DFAFC9 /* GreenCar.atlas */ = {isa = PBXFileReference; lastKnownFileType = folder.skatlas; path = GreenCar.atlas; sourceTree = "<group>"; };
		7489B3E71E7CB3A900DFAFC9 /* greenCarScene.swift */ = {isa = PBXFileReference; fileEncoding = 4; lastKnownFileType = sourcecode.swift; path = greenCarScene.swift; sourceTree = "<group>"; };
		7489B3E91E7CB3B000DFAFC9 /* redCarScene.swift */ = {isa = PBXFileReference; fileEncoding = 4; lastKnownFileType = sourcecode.swift; path = redCarScene.swift; sourceTree = "<group>"; };
		748E31551E74F21C00911071 /* GoogleService-Info.plist */ = {isa = PBXFileReference; fileEncoding = 4; lastKnownFileType = text.plist.xml; path = "GoogleService-Info.plist"; sourceTree = "<group>"; };
		748E315B1E750B5500911071 /* HomePageController.swift */ = {isa = PBXFileReference; fileEncoding = 4; lastKnownFileType = sourcecode.swift; path = HomePageController.swift; sourceTree = "<group>"; };
		748E315D1E7642BA00911071 /* forgotPasswordController.swift */ = {isa = PBXFileReference; fileEncoding = 4; lastKnownFileType = sourcecode.swift; path = forgotPasswordController.swift; sourceTree = "<group>"; };
		748E315F1E764E8200911071 /* termsViewController.swift */ = {isa = PBXFileReference; fileEncoding = 4; lastKnownFileType = sourcecode.swift; path = termsViewController.swift; sourceTree = "<group>"; };
		74F1A81C1E74EE3E00EA0188 /* MyCty.app */ = {isa = PBXFileReference; explicitFileType = wrapper.application; includeInIndex = 0; path = MyCty.app; sourceTree = BUILT_PRODUCTS_DIR; };
		74F1A81F1E74EE3E00EA0188 /* AppDelegate.swift */ = {isa = PBXFileReference; lastKnownFileType = sourcecode.swift; path = AppDelegate.swift; sourceTree = "<group>"; };
		74F1A8261E74EE3E00EA0188 /* Assets.xcassets */ = {isa = PBXFileReference; lastKnownFileType = folder.assetcatalog; path = Assets.xcassets; sourceTree = "<group>"; };
		74F1A8291E74EE3E00EA0188 /* Base */ = {isa = PBXFileReference; lastKnownFileType = file.storyboard; name = Base; path = Base.lproj/LaunchScreen.storyboard; sourceTree = "<group>"; };
		74F1A82B1E74EE3E00EA0188 /* Info.plist */ = {isa = PBXFileReference; lastKnownFileType = text.plist.xml; path = Info.plist; sourceTree = "<group>"; };
		74F1A8331E74EFB800EA0188 /* Main.storyboard */ = {isa = PBXFileReference; fileEncoding = 4; lastKnownFileType = file.storyboard; path = Main.storyboard; sourceTree = "<group>"; };
		74F1A8351E74EFDB00EA0188 /* ViewController.swift */ = {isa = PBXFileReference; fileEncoding = 4; lastKnownFileType = sourcecode.swift; path = ViewController.swift; sourceTree = "<group>"; };
		74F1A8371E74EFE300EA0188 /* LoginViewController.swift */ = {isa = PBXFileReference; fileEncoding = 4; lastKnownFileType = sourcecode.swift; path = LoginViewController.swift; sourceTree = "<group>"; };
		A7B5BF96DC3E69C16C4A726E /* Pods_MyCty.framework */ = {isa = PBXFileReference; explicitFileType = wrapper.framework; includeInIndex = 0; path = Pods_MyCty.framework; sourceTree = BUILT_PRODUCTS_DIR; };
		D5CE0ECE2263BE69049C7974 /* Pods-MyCty.release.xcconfig */ = {isa = PBXFileReference; includeInIndex = 1; lastKnownFileType = text.xcconfig; name = "Pods-MyCty.release.xcconfig"; path = "Pods/Target Support Files/Pods-MyCty/Pods-MyCty.release.xcconfig"; sourceTree = "<group>"; };
/* End PBXFileReference section */

/* Begin PBXFrameworksBuildPhase section */
		74F1A8191E74EE3E00EA0188 /* Frameworks */ = {
			isa = PBXFrameworksBuildPhase;
			buildActionMask = 2147483647;
			files = (
				741C902D1E7B10C400E0EC3D /* SpriteKit.framework in Frameworks */,
				1D8E6B058AA9E76AD01C1ABA /* Pods_MyCty.framework in Frameworks */,
			);
			runOnlyForDeploymentPostprocessing = 0;
		};
/* End PBXFrameworksBuildPhase section */

/* Begin PBXGroup section */
		741C90021E7A553600E0EC3D /* IQKeyboardManagerSwift */ = {
			isa = PBXGroup;
			children = (
				741C90031E7A553600E0EC3D /* Categories */,
				741C900A1E7A553600E0EC3D /* Constants */,
				741C900D1E7A553600E0EC3D /* IQKeyboardManager.swift */,
				741C900E1E7A553600E0EC3D /* IQKeyboardManagerSwift.h */,
				741C900F1E7A553600E0EC3D /* IQKeyboardReturnKeyHandler.swift */,
				741C90101E7A553600E0EC3D /* IQTextView */,
				741C90121E7A553600E0EC3D /* IQToolbar */,
				741C90181E7A553600E0EC3D /* Resources */,
			);
			path = IQKeyboardManagerSwift;
			sourceTree = "<group>";
		};
		741C90031E7A553600E0EC3D /* Categories */ = {
			isa = PBXGroup;
			children = (
				741C90041E7A553600E0EC3D /* IQNSArray+Sort.swift */,
				741C90051E7A553600E0EC3D /* IQUIScrollView+Additions.swift */,
				741C90061E7A553600E0EC3D /* IQUITextFieldView+Additions.swift */,
				741C90071E7A553600E0EC3D /* IQUIView+Hierarchy.swift */,
				741C90081E7A553600E0EC3D /* IQUIViewController+Additions.swift */,
				741C90091E7A553600E0EC3D /* IQUIWindow+Hierarchy.swift */,
			);
			path = Categories;
			sourceTree = "<group>";
		};
		741C900A1E7A553600E0EC3D /* Constants */ = {
			isa = PBXGroup;
			children = (
				741C900B1E7A553600E0EC3D /* IQKeyboardManagerConstants.swift */,
				741C900C1E7A553600E0EC3D /* IQKeyboardManagerConstantsInternal.swift */,
			);
			path = Constants;
			sourceTree = "<group>";
		};
		741C90101E7A553600E0EC3D /* IQTextView */ = {
			isa = PBXGroup;
			children = (
				741C90111E7A553600E0EC3D /* IQTextView.swift */,
			);
			path = IQTextView;
			sourceTree = "<group>";
		};
		741C90121E7A553600E0EC3D /* IQToolbar */ = {
			isa = PBXGroup;
			children = (
				741C90131E7A553600E0EC3D /* IQBarButtonItem.swift */,
				741C90141E7A553600E0EC3D /* IQPreviousNextView.swift */,
				741C90151E7A553600E0EC3D /* IQTitleBarButtonItem.swift */,
				741C90161E7A553600E0EC3D /* IQToolbar.swift */,
				741C90171E7A553600E0EC3D /* IQUIView+IQKeyboardToolbar.swift */,
			);
			path = IQToolbar;
			sourceTree = "<group>";
		};
		741C90181E7A553600E0EC3D /* Resources */ = {
			isa = PBXGroup;
			children = (
				741C90191E7A553600E0EC3D /* IQKeyboardManager.bundle */,
			);
			path = Resources;
			sourceTree = "<group>";
		};
		742C5C501E7904BD00553161 /* OnBoarding */ = {
			isa = PBXGroup;
			children = (
				742C5C511E7904DC00553161 /* Onboarding.storyboard */,
				742C5C531E79EEE800553161 /* OnBoardingVC.swift */,
				742C5C551E7A087800553161 /* finalOnboardingVC.swift */,
			);
			name = OnBoarding;
			sourceTree = "<group>";
		};
		748E31631E78F16A00911071 /* SignUp/Login */ = {
			isa = PBXGroup;
			children = (
				74F1A81F1E74EE3E00EA0188 /* AppDelegate.swift */,
				74F1A8351E74EFDB00EA0188 /* ViewController.swift */,
				7489B3E11E7C19F000DFAFC9 /* GreenCar.atlas */,
				7489B3DF1E7C196D00DFAFC9 /* RedCar.atlas */,
				741C903A1E7C116C00E0EC3D /* BlueCar.atlas */,
				741C90301E7B2EB600E0EC3D /* Cloud.atlas */,
				74F1A8331E74EFB800EA0188 /* Main.storyboard */,
				74F1A8261E74EE3E00EA0188 /* Assets.xcassets */,
				741C90021E7A553600E0EC3D /* IQKeyboardManagerSwift */,
				74F1A8281E74EE3E00EA0188 /* LaunchScreen.storyboard */,
				748E31551E74F21C00911071 /* GoogleService-Info.plist */,
				7489B3E71E7CB3A900DFAFC9 /* greenCarScene.swift */,
				74F1A8371E74EFE300EA0188 /* LoginViewController.swift */,
				7489B3E91E7CB3B000DFAFC9 /* redCarScene.swift */,
				74F1A82B1E74EE3E00EA0188 /* Info.plist */,
				748E315B1E750B5500911071 /* HomePageController.swift */,
				748E315D1E7642BA00911071 /* forgotPasswordController.swift */,
				748E315F1E764E8200911071 /* termsViewController.swift */,
				741C90341E7BA17400E0EC3D /* cloudScene.swift */,
				741C90001E7A213400E0EC3D /* OpeningPageVC.swift */,
				741C90361E7C0BF100E0EC3D /* carScene.swift */,
			);
			name = SignUp/Login;
			sourceTree = "<group>";
		};
		74F1A8131E74EE3E00EA0188 = {
			isa = PBXGroup;
			children = (
				74F1A81E1E74EE3E00EA0188 /* MyCty */,
				74F1A81D1E74EE3E00EA0188 /* Products */,
				C7D197D88C621725641B37FF /* Pods */,
				E4A2C7CBD054E953D63FACDE /* Frameworks */,
			);
			sourceTree = "<group>";
		};
		74F1A81D1E74EE3E00EA0188 /* Products */ = {
			isa = PBXGroup;
			children = (
				74F1A81C1E74EE3E00EA0188 /* MyCty.app */,
			);
			name = Products;
			sourceTree = "<group>";
		};
		74F1A81E1E74EE3E00EA0188 /* MyCty */ = {
			isa = PBXGroup;
			children = (
				748E31631E78F16A00911071 /* SignUp/Login */,
				742C5C501E7904BD00553161 /* OnBoarding */,
			);
			path = MyCty;
			sourceTree = "<group>";
		};
		C7D197D88C621725641B37FF /* Pods */ = {
			isa = PBXGroup;
			children = (
				5CDD8FE7E90576C253045835 /* Pods-MyCty.debug.xcconfig */,
				D5CE0ECE2263BE69049C7974 /* Pods-MyCty.release.xcconfig */,
			);
			name = Pods;
			sourceTree = "<group>";
		};
		E4A2C7CBD054E953D63FACDE /* Frameworks */ = {
			isa = PBXGroup;
			children = (
				741C902C1E7B10C400E0EC3D /* SpriteKit.framework */,
				A7B5BF96DC3E69C16C4A726E /* Pods_MyCty.framework */,
			);
			name = Frameworks;
			sourceTree = "<group>";
		};
/* End PBXGroup section */

/* Begin PBXNativeTarget section */
		74F1A81B1E74EE3E00EA0188 /* MyCty */ = {
			isa = PBXNativeTarget;
			buildConfigurationList = 74F1A82E1E74EE3E00EA0188 /* Build configuration list for PBXNativeTarget "MyCty" */;
			buildPhases = (
				756C30F4FBDD256508F428FC /* [CP] Check Pods Manifest.lock */,
				74F1A8181E74EE3E00EA0188 /* Sources */,
				74F1A8191E74EE3E00EA0188 /* Frameworks */,
				74F1A81A1E74EE3E00EA0188 /* Resources */,
				167BE666DE56033716D5CBE1 /* [CP] Embed Pods Frameworks */,
				5B11E26C8412D42CE5C6D179 /* [CP] Copy Pods Resources */,
			);
			buildRules = (
			);
			dependencies = (
			);
			name = MyCty;
			productName = MyCty;
			productReference = 74F1A81C1E74EE3E00EA0188 /* MyCty.app */;
			productType = "com.apple.product-type.application";
		};
/* End PBXNativeTarget section */

/* Begin PBXProject section */
		74F1A8141E74EE3E00EA0188 /* Project object */ = {
			isa = PBXProject;
			attributes = {
				LastSwiftUpdateCheck = 0820;
				LastUpgradeCheck = 0820;
				ORGANIZATIONNAME = "Umer Khan";
				TargetAttributes = {
					74F1A81B1E74EE3E00EA0188 = {
						CreatedOnToolsVersion = 8.2.1;
						DevelopmentTeam = 564NHYANHB;
						ProvisioningStyle = Automatic;
					};
				};
			};
			buildConfigurationList = 74F1A8171E74EE3E00EA0188 /* Build configuration list for PBXProject "MyCty" */;
			compatibilityVersion = "Xcode 3.2";
			developmentRegion = English;
			hasScannedForEncodings = 0;
			knownRegions = (
				en,
				Base,
			);
			mainGroup = 74F1A8131E74EE3E00EA0188;
			productRefGroup = 74F1A81D1E74EE3E00EA0188 /* Products */;
			projectDirPath = "";
			projectRoot = "";
			targets = (
				74F1A81B1E74EE3E00EA0188 /* MyCty */,
			);
		};
/* End PBXProject section */

/* Begin PBXResourcesBuildPhase section */
		74F1A81A1E74EE3E00EA0188 /* Resources */ = {
			isa = PBXResourcesBuildPhase;
			buildActionMask = 2147483647;
			files = (
				741C90311E7B2EB600E0EC3D /* Cloud.atlas in Resources */,
				74F1A82A1E74EE3E00EA0188 /* LaunchScreen.storyboard in Resources */,
				7489B3E21E7C19F000DFAFC9 /* GreenCar.atlas in Resources */,
				742C5C521E7904DC00553161 /* Onboarding.storyboard in Resources */,
				741C902A1E7A553600E0EC3D /* IQKeyboardManager.bundle in Resources */,
				748E31561E74F21C00911071 /* GoogleService-Info.plist in Resources */,
				74F1A8271E74EE3E00EA0188 /* Assets.xcassets in Resources */,
				7489B3E01E7C196D00DFAFC9 /* RedCar.atlas in Resources */,
				741C903B1E7C116C00E0EC3D /* BlueCar.atlas in Resources */,
				74F1A8341E74EFB800EA0188 /* Main.storyboard in Resources */,
			);
			runOnlyForDeploymentPostprocessing = 0;
		};
/* End PBXResourcesBuildPhase section */

/* Begin PBXShellScriptBuildPhase section */
		167BE666DE56033716D5CBE1 /* [CP] Embed Pods Frameworks */ = {
			isa = PBXShellScriptBuildPhase;
			buildActionMask = 2147483647;
			files = (
			);
			inputPaths = (
			);
			name = "[CP] Embed Pods Frameworks";
			outputPaths = (
			);
			runOnlyForDeploymentPostprocessing = 0;
			shellPath = /bin/sh;
			shellScript = "\"${SRCROOT}/Pods/Target Support Files/Pods-MyCty/Pods-MyCty-frameworks.sh\"\n";
			showEnvVarsInLog = 0;
		};
		5B11E26C8412D42CE5C6D179 /* [CP] Copy Pods Resources */ = {
			isa = PBXShellScriptBuildPhase;
			buildActionMask = 2147483647;
			files = (
			);
			inputPaths = (
			);
			name = "[CP] Copy Pods Resources";
			outputPaths = (
			);
			runOnlyForDeploymentPostprocessing = 0;
			shellPath = /bin/sh;
			shellScript = "\"${SRCROOT}/Pods/Target Support Files/Pods-MyCty/Pods-MyCty-resources.sh\"\n";
			showEnvVarsInLog = 0;
		};
		756C30F4FBDD256508F428FC /* [CP] Check Pods Manifest.lock */ = {
			isa = PBXShellScriptBuildPhase;
			buildActionMask = 2147483647;
			files = (
			);
			inputPaths = (
			);
			name = "[CP] Check Pods Manifest.lock";
			outputPaths = (
			);
			runOnlyForDeploymentPostprocessing = 0;
			shellPath = /bin/sh;
			shellScript = "diff \"${PODS_ROOT}/../Podfile.lock\" \"${PODS_ROOT}/Manifest.lock\" > /dev/null\nif [ $? != 0 ] ; then\n    # print error to STDERR\n    echo \"error: The sandbox is not in sync with the Podfile.lock. Run 'pod install' or update your CocoaPods installation.\" >&2\n    exit 1\nfi\n";
			showEnvVarsInLog = 0;
		};
/* End PBXShellScriptBuildPhase section */

/* Begin PBXSourcesBuildPhase section */
		74F1A8181E74EE3E00EA0188 /* Sources */ = {
			isa = PBXSourcesBuildPhase;
			buildActionMask = 2147483647;
			files = (
				741C901F1E7A553600E0EC3D /* IQUIWindow+Hierarchy.swift in Sources */,
				741C901B1E7A553600E0EC3D /* IQUIScrollView+Additions.swift in Sources */,
				741C90011E7A213400E0EC3D /* OpeningPageVC.swift in Sources */,
				741C901C1E7A553600E0EC3D /* IQUITextFieldView+Additions.swift in Sources */,
				742C5C561E7A087800553161 /* finalOnboardingVC.swift in Sources */,
				741C90241E7A553600E0EC3D /* IQTextView.swift in Sources */,
				741C90261E7A553600E0EC3D /* IQPreviousNextView.swift in Sources */,
				748E31601E764E8200911071 /* termsViewController.swift in Sources */,
				741C90221E7A553600E0EC3D /* IQKeyboardManager.swift in Sources */,
				741C90371E7C0BF100E0EC3D /* carScene.swift in Sources */,
				742C5C541E79EEE800553161 /* OnBoardingVC.swift in Sources */,
				741C90271E7A553600E0EC3D /* IQTitleBarButtonItem.swift in Sources */,
				741C90251E7A553600E0EC3D /* IQBarButtonItem.swift in Sources */,
				74F1A8381E74EFE300EA0188 /* LoginViewController.swift in Sources */,
				741C90291E7A553600E0EC3D /* IQUIView+IQKeyboardToolbar.swift in Sources */,
				7489B3EA1E7CB3B000DFAFC9 /* redCarScene.swift in Sources */,
				741C901D1E7A553600E0EC3D /* IQUIView+Hierarchy.swift in Sources */,
				748E315C1E750B5500911071 /* HomePageController.swift in Sources */,
				741C901A1E7A553600E0EC3D /* IQNSArray+Sort.swift in Sources */,
				741C901E1E7A553600E0EC3D /* IQUIViewController+Additions.swift in Sources */,
				741C90201E7A553600E0EC3D /* IQKeyboardManagerConstants.swift in Sources */,
				748E315E1E7642BA00911071 /* forgotPasswordController.swift in Sources */,
				741C90351E7BA17400E0EC3D /* cloudScene.swift in Sources */,
				74F1A8361E74EFDB00EA0188 /* ViewController.swift in Sources */,
				741C90231E7A553600E0EC3D /* IQKeyboardReturnKeyHandler.swift in Sources */,
				74F1A8201E74EE3E00EA0188 /* AppDelegate.swift in Sources */,
				741C90211E7A553600E0EC3D /* IQKeyboardManagerConstantsInternal.swift in Sources */,
				741C90281E7A553600E0EC3D /* IQToolbar.swift in Sources */,
				7489B3E81E7CB3A900DFAFC9 /* greenCarScene.swift in Sources */,
			);
			runOnlyForDeploymentPostprocessing = 0;
		};
/* End PBXSourcesBuildPhase section */

/* Begin PBXVariantGroup section */
		74F1A8281E74EE3E00EA0188 /* LaunchScreen.storyboard */ = {
			isa = PBXVariantGroup;
			children = (
				74F1A8291E74EE3E00EA0188 /* Base */,
			);
			name = LaunchScreen.storyboard;
			sourceTree = "<group>";
		};
/* End PBXVariantGroup section */

/* Begin XCBuildConfiguration section */
		74F1A82C1E74EE3E00EA0188 /* Debug */ = {
			isa = XCBuildConfiguration;
			buildSettings = {
				ALWAYS_SEARCH_USER_PATHS = NO;
				CLANG_ANALYZER_NONNULL = YES;
				CLANG_CXX_LANGUAGE_STANDARD = "gnu++0x";
				CLANG_CXX_LIBRARY = "libc++";
				CLANG_ENABLE_MODULES = YES;
				CLANG_ENABLE_OBJC_ARC = YES;
				CLANG_WARN_BOOL_CONVERSION = YES;
				CLANG_WARN_CONSTANT_CONVERSION = YES;
				CLANG_WARN_DIRECT_OBJC_ISA_USAGE = YES_ERROR;
				CLANG_WARN_DOCUMENTATION_COMMENTS = YES;
				CLANG_WARN_EMPTY_BODY = YES;
				CLANG_WARN_ENUM_CONVERSION = YES;
				CLANG_WARN_INFINITE_RECURSION = YES;
				CLANG_WARN_INT_CONVERSION = YES;
				CLANG_WARN_OBJC_ROOT_CLASS = YES_ERROR;
				CLANG_WARN_SUSPICIOUS_MOVE = YES;
				CLANG_WARN_UNREACHABLE_CODE = YES;
				CLANG_WARN__DUPLICATE_METHOD_MATCH = YES;
				"CODE_SIGN_IDENTITY[sdk=iphoneos*]" = "iPhone Developer";
				COPY_PHASE_STRIP = NO;
				DEBUG_INFORMATION_FORMAT = dwarf;
				ENABLE_STRICT_OBJC_MSGSEND = YES;
				ENABLE_TESTABILITY = YES;
				GCC_C_LANGUAGE_STANDARD = gnu99;
				GCC_DYNAMIC_NO_PIC = NO;
				GCC_NO_COMMON_BLOCKS = YES;
				GCC_OPTIMIZATION_LEVEL = 0;
				GCC_PREPROCESSOR_DEFINITIONS = (
					"DEBUG=1",
					"$(inherited)",
				);
				GCC_WARN_64_TO_32_BIT_CONVERSION = YES;
				GCC_WARN_ABOUT_RETURN_TYPE = YES_ERROR;
				GCC_WARN_UNDECLARED_SELECTOR = YES;
				GCC_WARN_UNINITIALIZED_AUTOS = YES_AGGRESSIVE;
				GCC_WARN_UNUSED_FUNCTION = YES;
				GCC_WARN_UNUSED_VARIABLE = YES;
				IPHONEOS_DEPLOYMENT_TARGET = 10.2;
				MTL_ENABLE_DEBUG_INFO = YES;
				ONLY_ACTIVE_ARCH = YES;
				SDKROOT = iphoneos;
				SWIFT_ACTIVE_COMPILATION_CONDITIONS = DEBUG;
				SWIFT_OPTIMIZATION_LEVEL = "-Onone";
			};
			name = Debug;
		};
		74F1A82D1E74EE3E00EA0188 /* Release */ = {
			isa = XCBuildConfiguration;
			buildSettings = {
				ALWAYS_SEARCH_USER_PATHS = NO;
				CLANG_ANALYZER_NONNULL = YES;
				CLANG_CXX_LANGUAGE_STANDARD = "gnu++0x";
				CLANG_CXX_LIBRARY = "libc++";
				CLANG_ENABLE_MODULES = YES;
				CLANG_ENABLE_OBJC_ARC = YES;
				CLANG_WARN_BOOL_CONVERSION = YES;
				CLANG_WARN_CONSTANT_CONVERSION = YES;
				CLANG_WARN_DIRECT_OBJC_ISA_USAGE = YES_ERROR;
				CLANG_WARN_DOCUMENTATION_COMMENTS = YES;
				CLANG_WARN_EMPTY_BODY = YES;
				CLANG_WARN_ENUM_CONVERSION = YES;
				CLANG_WARN_INFINITE_RECURSION = YES;
				CLANG_WARN_INT_CONVERSION = YES;
				CLANG_WARN_OBJC_ROOT_CLASS = YES_ERROR;
				CLANG_WARN_SUSPICIOUS_MOVE = YES;
				CLANG_WARN_UNREACHABLE_CODE = YES;
				CLANG_WARN__DUPLICATE_METHOD_MATCH = YES;
				"CODE_SIGN_IDENTITY[sdk=iphoneos*]" = "iPhone Developer";
				COPY_PHASE_STRIP = NO;
				DEBUG_INFORMATION_FORMAT = "dwarf-with-dsym";
				ENABLE_NS_ASSERTIONS = NO;
				ENABLE_STRICT_OBJC_MSGSEND = YES;
				GCC_C_LANGUAGE_STANDARD = gnu99;
				GCC_NO_COMMON_BLOCKS = YES;
				GCC_WARN_64_TO_32_BIT_CONVERSION = YES;
				GCC_WARN_ABOUT_RETURN_TYPE = YES_ERROR;
				GCC_WARN_UNDECLARED_SELECTOR = YES;
				GCC_WARN_UNINITIALIZED_AUTOS = YES_AGGRESSIVE;
				GCC_WARN_UNUSED_FUNCTION = YES;
				GCC_WARN_UNUSED_VARIABLE = YES;
				IPHONEOS_DEPLOYMENT_TARGET = 10.2;
				MTL_ENABLE_DEBUG_INFO = NO;
				SDKROOT = iphoneos;
				SWIFT_OPTIMIZATION_LEVEL = "-Owholemodule";
				VALIDATE_PRODUCT = YES;
			};
			name = Release;
		};
		74F1A82F1E74EE3E00EA0188 /* Debug */ = {
			isa = XCBuildConfiguration;
			baseConfigurationReference = 5CDD8FE7E90576C253045835 /* Pods-MyCty.debug.xcconfig */;
			buildSettings = {
				ASSETCATALOG_COMPILER_APPICON_NAME = AppIcon;
				DEVELOPMENT_TEAM = 564NHYANHB;
				INFOPLIST_FILE = MyCty/Info.plist;
				IPHONEOS_DEPLOYMENT_TARGET = 10.0;
				LD_RUNPATH_SEARCH_PATHS = "$(inherited) @executable_path/Frameworks";
				PRODUCT_BUNDLE_IDENTIFIER = Ukhan.MyCty;
				PRODUCT_NAME = "$(TARGET_NAME)";
				SWIFT_VERSION = 3.0;
			};
			name = Debug;
		};
		74F1A8301E74EE3E00EA0188 /* Release */ = {
			isa = XCBuildConfiguration;
			baseConfigurationReference = D5CE0ECE2263BE69049C7974 /* Pods-MyCty.release.xcconfig */;
			buildSettings = {
				ASSETCATALOG_COMPILER_APPICON_NAME = AppIcon;
				DEVELOPMENT_TEAM = 564NHYANHB;
				INFOPLIST_FILE = MyCty/Info.plist;
				IPHONEOS_DEPLOYMENT_TARGET = 10.0;
				LD_RUNPATH_SEARCH_PATHS = "$(inherited) @executable_path/Frameworks";
				PRODUCT_BUNDLE_IDENTIFIER = Ukhan.MyCty;
				PRODUCT_NAME = "$(TARGET_NAME)";
				SWIFT_VERSION = 3.0;
			};
			name = Release;
		};
/* End XCBuildConfiguration section */

/* Begin XCConfigurationList section */
		74F1A8171E74EE3E00EA0188 /* Build configuration list for PBXProject "MyCty" */ = {
			isa = XCConfigurationList;
			buildConfigurations = (
				74F1A82C1E74EE3E00EA0188 /* Debug */,
				74F1A82D1E74EE3E00EA0188 /* Release */,
			);
			defaultConfigurationIsVisible = 0;
			defaultConfigurationName = Release;
		};
		74F1A82E1E74EE3E00EA0188 /* Build configuration list for PBXNativeTarget "MyCty" */ = {
			isa = XCConfigurationList;
			buildConfigurations = (
				74F1A82F1E74EE3E00EA0188 /* Debug */,
				74F1A8301E74EE3E00EA0188 /* Release */,
			);
			defaultConfigurationIsVisible = 0;
			defaultConfigurationName = Release;
		};
/* End XCConfigurationList section */
	};
	rootObject = 74F1A8141E74EE3E00EA0188 /* Project object */;
}
